
Microsoft Visual Studio Solution File, Format Version 12.00
# Visual Studio Version 17
VisualStudioVersion = 17.4.33205.214
MinimumVisualStudioVersion = 10.0.40219.1
Project("{8BC9CEB8-8B4A-11D0-8D11-00A0C91BC942}") = "random", "random\random.vcxproj", "{DA363A8D-9EF6-4C47-B21C-6CFB21EFA683}"
EndProject
Project("{8BC9CEB8-8B4A-11D0-8D11-00A0C91BC942}") = "UnicRandom", "UnicRandom\UnicRandom.vcxproj", "{B93DE912-47E2-421B-91FE-57BE108447D6}"
EndProject
Project("{8BC9CEB8-8B4A-11D0-8D11-00A0C91BC942}") = "Repeats", "Repeats\Repeats.vcxproj", "{9DF390ED-44EE-4B58-83B3-5FBB1E6ACDC3}"
EndProject
Global
	GlobalSection(SolutionConfigurationPlatforms) = preSolution
		Debug|x64 = Debug|x64
		Debug|x86 = Debug|x86
		Release|x64 = Release|x64
		Release|x86 = Release|x86
	EndGlobalSection
	GlobalSection(ProjectConfigurationPlatforms) = postSolution
		{DA363A8D-9EF6-4C47-B21C-6CFB21EFA683}.Debug|x64.ActiveCfg = Debug|x64
		{DA363A8D-9EF6-4C47-B21C-6CFB21EFA683}.Debug|x64.Build.0 = Debug|x64
		{DA363A8D-9EF6-4C47-B21C-6CFB21EFA683}.Debug|x86.ActiveCfg = Debug|Win32
		{DA363A8D-9EF6-4C47-B21C-6CFB21EFA683}.Debug|x86.Build.0 = Debug|Win32
		{DA363A8D-9EF6-4C47-B21C-6CFB21EFA683}.Release|x64.ActiveCfg = Release|x64
		{DA363A8D-9EF6-4C47-B21C-6CFB21EFA683}.Release|x64.Build.0 = Release|x64
		{DA363A8D-9EF6-4C47-B21C-6CFB21EFA683}.Release|x86.ActiveCfg = Release|Win32
		{DA363A8D-9EF6-4C47-B21C-6CFB21EFA683}.Release|x86.Build.0 = Release|Win32
		{B93DE912-47E2-421B-91FE-57BE108447D6}.Debug|x64.ActiveCfg = Debug|x64
		{B93DE912-47E2-421B-91FE-57BE108447D6}.Debug|x64.Build.0 = Debug|x64
		{B93DE912-47E2-421B-91FE-57BE108447D6}.Debug|x86.ActiveCfg = Debug|Win32
		{B93DE912-47E2-421B-91FE-57BE108447D6}.Debug|x86.Build.0 = Debug|Win32
		{B93DE912-47E2-421B-91FE-57BE108447D6}.Release|x64.ActiveCfg = Release|x64
		{B93DE912-47E2-421B-91FE-57BE108447D6}.Release|x64.Build.0 = Release|x64
		{B93DE912-47E2-421B-91FE-57BE108447D6}.Release|x86.ActiveCfg = Release|Win32
		{B93DE912-47E2-421B-91FE-57BE108447D6}.Release|x86.Build.0 = Release|Win32
		{9DF390ED-44EE-4B58-83B3-5FBB1E6ACDC3}.Debug|x64.ActiveCfg = Debug|x64
		{9DF390ED-44EE-4B58-83B3-5FBB1E6ACDC3}.Debug|x64.Build.0 = Debug|x64
		{9DF390ED-44EE-4B58-83B3-5FBB1E6ACDC3}.Debug|x86.ActiveCfg = Debug|Win32
		{9DF390ED-44EE-4B58-83B3-5FBB1E6ACDC3}.Debug|x86.Build.0 = Debug|Win32
		{9DF390ED-44EE-4B58-83B3-5FBB1E6ACDC3}.Release|x64.ActiveCfg = Release|x64
		{9DF390ED-44EE-4B58-83B3-5FBB1E6ACDC3}.Release|x64.Build.0 = Release|x64
		{9DF390ED-44EE-4B58-83B3-5FBB1E6ACDC3}.Release|x86.ActiveCfg = Release|Win32
		{9DF390ED-44EE-4B58-83B3-5FBB1E6ACDC3}.Release|x86.Build.0 = Release|Win32
	EndGlobalSection
	GlobalSection(SolutionProperties) = preSolution
		HideSolutionNode = FALSE
	EndGlobalSection
	GlobalSection(ExtensibilityGlobals) = postSolution
		SolutionGuid = {5A849FC7-6DB3-492A-B4E3-AE94C7964EFE}
	EndGlobalSection
EndGlobal
